
Microsoft Visual Studio Solution File, Format Version 12.00
Project("{FAE04EC0-301F-11D3-BF4B-00C04F79EFBC}") = "ArchitectureScratch.Logging", "ArchitectureScratch.Logging\ArchitectureScratch.Logging.csproj", "{B0982568-198A-4741-8271-F32431BC586D}"
EndProject
Global
	GlobalSection(SolutionConfigurationPlatforms) = preSolution
		Debug|Any CPU = Debug|Any CPU
		Release|Any CPU = Release|Any CPU
	EndGlobalSection
	GlobalSection(ProjectConfigurationPlatforms) = postSolution
		{B0982568-198A-4741-8271-F32431BC586D}.Debug|Any CPU.ActiveCfg = Debug|Any CPU
		{B0982568-198A-4741-8271-F32431BC586D}.Debug|Any CPU.Build.0 = Debug|Any CPU
		{B0982568-198A-4741-8271-F32431BC586D}.Release|Any CPU.ActiveCfg = Release|Any CPU
		{B0982568-198A-4741-8271-F32431BC586D}.Release|Any CPU.Build.0 = Release|Any CPU
	EndGlobalSection
EndGlobal
